
Microsoft Visual Studio Solution File, Format Version 12.00
# Visual Studio 2013
VisualStudioVersion = 12.0.30723.0
MinimumVisualStudioVersion = 10.0.40219.1
Project("{FAE04EC0-301F-11D3-BF4B-00C04F79EFBC}") = "BigNumLibrary", "BigNumLibrary\BigNumLibrary.csproj", "{E3651CB7-9FF2-4AC4-8BEB-FA7B05F03F03}"
EndProject
Project("{FAE04EC0-301F-11D3-BF4B-00C04F79EFBC}") = "BigNumTests", "BigNumTests\BigNumTests.csproj", "{9758C80E-C9A9-4E6A-8D18-A5E25FEF1392}"
EndProject
Global
	GlobalSection(SolutionConfigurationPlatforms) = preSolution
		Debug|Any CPU = Debug|Any CPU
		Release|Any CPU = Release|Any CPU
	EndGlobalSection
	GlobalSection(ProjectConfigurationPlatforms) = postSolution
		{E3651CB7-9FF2-4AC4-8BEB-FA7B05F03F03}.Debug|Any CPU.ActiveCfg = Debug|Any CPU
		{E3651CB7-9FF2-4AC4-8BEB-FA7B05F03F03}.Debug|Any CPU.Build.0 = Debug|Any CPU
		{E3651CB7-9FF2-4AC4-8BEB-FA7B05F03F03}.Release|Any CPU.ActiveCfg = Release|Any CPU
		{E3651CB7-9FF2-4AC4-8BEB-FA7B05F03F03}.Release|Any CPU.Build.0 = Release|Any CPU
		{9758C80E-C9A9-4E6A-8D18-A5E25FEF1392}.Debug|Any CPU.ActiveCfg = Debug|Any CPU
		{9758C80E-C9A9-4E6A-8D18-A5E25FEF1392}.Debug|Any CPU.Build.0 = Debug|Any CPU
		{9758C80E-C9A9-4E6A-8D18-A5E25FEF1392}.Release|Any CPU.ActiveCfg = Release|Any CPU
		{9758C80E-C9A9-4E6A-8D18-A5E25FEF1392}.Release|Any CPU.Build.0 = Release|Any CPU
	EndGlobalSection
	GlobalSection(SolutionProperties) = preSolution
		HideSolutionNode = FALSE
	EndGlobalSection
EndGlobal
